
Microsoft Visual Studio Solution File, Format Version 12.00
# Visual Studio Version 16
VisualStudioVersion = 16.0.31005.135
MinimumVisualStudioVersion = 10.0.40219.1
Project("{9092AA53-FB77-4645-B42D-1CCCA6BD08BD}") = "DerekHoneycutt.front_src", "DerekHoneycutt.front_src.njsproj", "{231B1D90-4275-4107-8F5D-1038341A6FE1}"
EndProject
Global
	GlobalSection(SolutionConfigurationPlatforms) = preSolution
		Debug|Any CPU = Debug|Any CPU
		Release|Any CPU = Release|Any CPU
	EndGlobalSection
	GlobalSection(ProjectConfigurationPlatforms) = postSolution
		{231B1D90-4275-4107-8F5D-1038341A6FE1}.Debug|Any CPU.ActiveCfg = Debug|Any CPU
		{231B1D90-4275-4107-8F5D-1038341A6FE1}.Debug|Any CPU.Build.0 = Debug|Any CPU
		{231B1D90-4275-4107-8F5D-1038341A6FE1}.Release|Any CPU.ActiveCfg = Release|Any CPU
		{231B1D90-4275-4107-8F5D-1038341A6FE1}.Release|Any CPU.Build.0 = Release|Any CPU
	EndGlobalSection
	GlobalSection(SolutionProperties) = preSolution
		HideSolutionNode = FALSE
	EndGlobalSection
	GlobalSection(ExtensibilityGlobals) = postSolution
		SolutionGuid = {DE27B01C-64EF-4FD5-9D73-1D9C5A5084AE}
	EndGlobalSection
EndGlobal
